// !$*UTF8*$!
{
	archiveVersion = 1;
	classes = {
	};
	objectVersion = 46;
	objects = {

/* Begin PBXBuildFile section */
		0D8A17441E173DEE00DA8C62 /* AppDelegate.swift in Sources */ = {isa = PBXBuildFile; fileRef = 0D8A17431E173DEE00DA8C62 /* AppDelegate.swift */; };
		0D8A17461E173DEE00DA8C62 /* ViewController.swift in Sources */ = {isa = PBXBuildFile; fileRef = 0D8A17451E173DEE00DA8C62 /* ViewController.swift */; };
		0D8A17491E173DEE00DA8C62 /* Main.storyboard in Resources */ = {isa = PBXBuildFile; fileRef = 0D8A17471E173DEE00DA8C62 /* Main.storyboard */; };
		0D8A174B1E173DEE00DA8C62 /* Assets.xcassets in Resources */ = {isa = PBXBuildFile; fileRef = 0D8A174A1E173DEE00DA8C62 /* Assets.xcassets */; };
		0D8A174E1E173DEE00DA8C62 /* LaunchScreen.storyboard in Resources */ = {isa = PBXBuildFile; fileRef = 0D8A174C1E173DEE00DA8C62 /* LaunchScreen.storyboard */; };
		0D8A17591E173DEE00DA8C62 /* LocationAwareTests.swift in Sources */ = {isa = PBXBuildFile; fileRef = 0D8A17581E173DEE00DA8C62 /* LocationAwareTests.swift */; };
		0D8A17641E173DEE00DA8C62 /* LocationAwareUITests.swift in Sources */ = {isa = PBXBuildFile; fileRef = 0D8A17631E173DEE00DA8C62 /* LocationAwareUITests.swift */; };
		0D8A17731E173E0900DA8C62 /* CoreLocation.framework in Frameworks */ = {isa = PBXBuildFile; fileRef = 0D8A17721E173E0900DA8C62 /* CoreLocation.framework */; };
/* End PBXBuildFile section */

/* Begin PBXContainerItemProxy section */
		0D8A17551E173DEE00DA8C62 /* PBXContainerItemProxy */ = {
			isa = PBXContainerItemProxy;
			containerPortal = 0D8A17381E173DEE00DA8C62 /* Project object */;
			proxyType = 1;
			remoteGlobalIDString = 0D8A173F1E173DEE00DA8C62;
			remoteInfo = LocationAware;
		};
		0D8A17601E173DEE00DA8C62 /* PBXContainerItemProxy */ = {
			isa = PBXContainerItemProxy;
			containerPortal = 0D8A17381E173DEE00DA8C62 /* Project object */;
			proxyType = 1;
			remoteGlobalIDString = 0D8A173F1E173DEE00DA8C62;
			remoteInfo = LocationAware;
		};
/* End PBXContainerItemProxy section */

/* Begin PBXFileReference section */
		0D8A17401E173DEE00DA8C62 /* LocationAware.app */ = {isa = PBXFileReference; explicitFileType = wrapper.application; includeInIndex = 0; path = LocationAware.app; sourceTree = BUILT_PRODUCTS_DIR; };
		0D8A17431E173DEE00DA8C62 /* AppDelegate.swift */ = {isa = PBXFileReference; lastKnownFileType = sourcecode.swift; path = AppDelegate.swift; sourceTree = "<group>"; };
		0D8A17451E173DEE00DA8C62 /* ViewController.swift */ = {isa = PBXFileReference; lastKnownFileType = sourcecode.swift; path = ViewController.swift; sourceTree = "<group>"; };
		0D8A17481E173DEE00DA8C62 /* Base */ = {isa = PBXFileReference; lastKnownFileType = file.storyboard; name = Base; path = Base.lproj/Main.storyboard; sourceTree = "<group>"; };
		0D8A174A1E173DEE00DA8C62 /* Assets.xcassets */ = {isa = PBXFileReference; lastKnownFileType = folder.assetcatalog; path = Assets.xcassets; sourceTree = "<group>"; };
		0D8A174D1E173DEE00DA8C62 /* Base */ = {isa = PBXFileReference; lastKnownFileType = file.storyboard; name = Base; path = Base.lproj/LaunchScreen.storyboard; sourceTree = "<group>"; };
		0D8A174F1E173DEE00DA8C62 /* Info.plist */ = {isa = PBXFileReference; lastKnownFileType = text.plist.xml; path = Info.plist; sourceTree = "<group>"; };
		0D8A17541E173DEE00DA8C62 /* LocationAwareTests.xctest */ = {isa = PBXFileReference; explicitFileType = wrapper.cfbundle; includeInIndex = 0; path = LocationAwareTests.xctest; sourceTree = BUILT_PRODUCTS_DIR; };
		0D8A17581E173DEE00DA8C62 /* LocationAwareTests.swift */ = {isa = PBXFileReference; lastKnownFileType = sourcecode.swift; path = LocationAwareTests.swift; sourceTree = "<group>"; };
		0D8A175A1E173DEE00DA8C62 /* Info.plist */ = {isa = PBXFileReference; lastKnownFileType = text.plist.xml; path = Info.plist; sourceTree = "<group>"; };
		0D8A175F1E173DEE00DA8C62 /* LocationAwareUITests.xctest */ = {isa = PBXFileReference; explicitFileType = wrapper.cfbundle; includeInIndex = 0; path = LocationAwareUITests.xctest; sourceTree = BUILT_PRODUCTS_DIR; };
		0D8A17631E173DEE00DA8C62 /* LocationAwareUITests.swift */ = {isa = PBXFileReference; lastKnownFileType = sourcecode.swift; path = LocationAwareUITests.swift; sourceTree = "<group>"; };
		0D8A17651E173DEE00DA8C62 /* Info.plist */ = {isa = PBXFileReference; lastKnownFileType = text.plist.xml; path = Info.plist; sourceTree = "<group>"; };
		0D8A17721E173E0900DA8C62 /* CoreLocation.framework */ = {isa = PBXFileReference; lastKnownFileType = wrapper.framework; name = CoreLocation.framework; path = System/Library/Frameworks/CoreLocation.framework; sourceTree = SDKROOT; };
/* End PBXFileReference section */

/* Begin PBXFrameworksBuildPhase section */
		0D8A173D1E173DEE00DA8C62 /* Frameworks */ = {
			isa = PBXFrameworksBuildPhase;
			buildActionMask = 2147483647;
			files = (
				0D8A17731E173E0900DA8C62 /* CoreLocation.framework in Frameworks */,
			);
			runOnlyForDeploymentPostprocessing = 0;
		};
		0D8A17511E173DEE00DA8C62 /* Frameworks */ = {
			isa = PBXFrameworksBuildPhase;
			buildActionMask = 2147483647;
			files = (
			);
			runOnlyForDeploymentPostprocessing = 0;
		};
		0D8A175C1E173DEE00DA8C62 /* Frameworks */ = {
			isa = PBXFrameworksBuildPhase;
			buildActionMask = 2147483647;
			files = (
			);
			runOnlyForDeploymentPostprocessing = 0;
		};
/* End PBXFrameworksBuildPhase section */

/* Begin PBXGroup section */
		0D8A17371E173DEE00DA8C62 = {
			isa = PBXGroup;
			children = (
				0D8A17421E173DEE00DA8C62 /* LocationAware */,
				0D8A17571E173DEE00DA8C62 /* LocationAwareTests */,
				0D8A17621E173DEE00DA8C62 /* LocationAwareUITests */,
				0D8A17411E173DEE00DA8C62 /* Products */,
				0D8A17711E173E0900DA8C62 /* Frameworks */,
			);
			sourceTree = "<group>";
		};
		0D8A17411E173DEE00DA8C62 /* Products */ = {
			isa = PBXGroup;
			children = (
				0D8A17401E173DEE00DA8C62 /* LocationAware.app */,
				0D8A17541E173DEE00DA8C62 /* LocationAwareTests.xctest */,
				0D8A175F1E173DEE00DA8C62 /* LocationAwareUITests.xctest */,
			);
			name = Products;
			sourceTree = "<group>";
		};
		0D8A17421E173DEE00DA8C62 /* LocationAware */ = {
			isa = PBXGroup;
			children = (
				0D8A17431E173DEE00DA8C62 /* AppDelegate.swift */,
				0D8A17451E173DEE00DA8C62 /* ViewController.swift */,
				0D8A17471E173DEE00DA8C62 /* Main.storyboard */,
				0D8A174A1E173DEE00DA8C62 /* Assets.xcassets */,
				0D8A174C1E173DEE00DA8C62 /* LaunchScreen.storyboard */,
				0D8A174F1E173DEE00DA8C62 /* Info.plist */,
			);
			path = LocationAware;
			sourceTree = "<group>";
		};
		0D8A17571E173DEE00DA8C62 /* LocationAwareTests */ = {
			isa = PBXGroup;
			children = (
				0D8A17581E173DEE00DA8C62 /* LocationAwareTests.swift */,
				0D8A175A1E173DEE00DA8C62 /* Info.plist */,
			);
			path = LocationAwareTests;
			sourceTree = "<group>";
		};
		0D8A17621E173DEE00DA8C62 /* LocationAwareUITests */ = {
			isa = PBXGroup;
			children = (
				0D8A17631E173DEE00DA8C62 /* LocationAwareUITests.swift */,
				0D8A17651E173DEE00DA8C62 /* Info.plist */,
			);
			path = LocationAwareUITests;
			sourceTree = "<group>";
		};
		0D8A17711E173E0900DA8C62 /* Frameworks */ = {
			isa = PBXGroup;
			children = (
				0D8A17721E173E0900DA8C62 /* CoreLocation.framework */,
			);
			name = Frameworks;
			sourceTree = "<group>";
		};
/* End PBXGroup section */

/* Begin PBXNativeTarget section */
		0D8A173F1E173DEE00DA8C62 /* LocationAware */ = {
			isa = PBXNativeTarget;
			buildConfigurationList = 0D8A17681E173DEE00DA8C62 /* Build configuration list for PBXNativeTarget "LocationAware" */;
			buildPhases = (
				0D8A173C1E173DEE00DA8C62 /* Sources */,
				0D8A173D1E173DEE00DA8C62 /* Frameworks */,
				0D8A173E1E173DEE00DA8C62 /* Resources */,
			);
			buildRules = (
			);
			dependencies = (
			);
			name = LocationAware;
			productName = LocationAware;
			productReference = 0D8A17401E173DEE00DA8C62 /* LocationAware.app */;
			productType = "com.apple.product-type.application";
		};
		0D8A17531E173DEE00DA8C62 /* LocationAwareTests */ = {
			isa = PBXNativeTarget;
			buildConfigurationList = 0D8A176B1E173DEE00DA8C62 /* Build configuration list for PBXNativeTarget "LocationAwareTests" */;
			buildPhases = (
				0D8A17501E173DEE00DA8C62 /* Sources */,
				0D8A17511E173DEE00DA8C62 /* Frameworks */,
				0D8A17521E173DEE00DA8C62 /* Resources */,
			);
			buildRules = (
			);
			dependencies = (
				0D8A17561E173DEE00DA8C62 /* PBXTargetDependency */,
			);
			name = LocationAwareTests;
			productName = LocationAwareTests;
			productReference = 0D8A17541E173DEE00DA8C62 /* LocationAwareTests.xctest */;
			productType = "com.apple.product-type.bundle.unit-test";
		};
		0D8A175E1E173DEE00DA8C62 /* LocationAwareUITests */ = {
			isa = PBXNativeTarget;
			buildConfigurationList = 0D8A176E1E173DEE00DA8C62 /* Build configuration list for PBXNativeTarget "LocationAwareUITests" */;
			buildPhases = (
				0D8A175B1E173DEE00DA8C62 /* Sources */,
				0D8A175C1E173DEE00DA8C62 /* Frameworks */,
				0D8A175D1E173DEE00DA8C62 /* Resources */,
			);
			buildRules = (
			);
			dependencies = (
				0D8A17611E173DEE00DA8C62 /* PBXTargetDependency */,
			);
			name = LocationAwareUITests;
			productName = LocationAwareUITests;
			productReference = 0D8A175F1E173DEE00DA8C62 /* LocationAwareUITests.xctest */;
			productType = "com.apple.product-type.bundle.ui-testing";
		};
/* End PBXNativeTarget section */

/* Begin PBXProject section */
		0D8A17381E173DEE00DA8C62 /* Project object */ = {
			isa = PBXProject;
			attributes = {
				LastSwiftUpdateCheck = 0810;
				LastUpgradeCheck = 0810;
				ORGANIZATIONNAME = "VEERASEKHAR ADDEPALLI";
				TargetAttributes = {
					0D8A173F1E173DEE00DA8C62 = {
						CreatedOnToolsVersion = 8.1;
						DevelopmentTeam = PV2377M74G;
						ProvisioningStyle = Automatic;
					};
					0D8A17531E173DEE00DA8C62 = {
						CreatedOnToolsVersion = 8.1;
						ProvisioningStyle = Automatic;
						TestTargetID = 0D8A173F1E173DEE00DA8C62;
					};
					0D8A175E1E173DEE00DA8C62 = {
						CreatedOnToolsVersion = 8.1;
						ProvisioningStyle = Automatic;
						TestTargetID = 0D8A173F1E173DEE00DA8C62;
					};
				};
			};
			buildConfigurationList = 0D8A173B1E173DEE00DA8C62 /* Build configuration list for PBXProject "LocationAware" */;
			compatibilityVersion = "Xcode 3.2";
			developmentRegion = English;
			hasScannedForEncodings = 0;
			knownRegions = (
				en,
				Base,
			);
			mainGroup = 0D8A17371E173DEE00DA8C62;
			productRefGroup = 0D8A17411E173DEE00DA8C62 /* Products */;
			projectDirPath = "";
			projectRoot = "";
			targets = (
				0D8A173F1E173DEE00DA8C62 /* LocationAware */,
				0D8A17531E173DEE00DA8C62 /* LocationAwareTests */,
				0D8A175E1E173DEE00DA8C62 /* LocationAwareUITests */,
			);
		};
/* End PBXProject section */

/* Begin PBXResourcesBuildPhase section */
		0D8A173E1E173DEE00DA8C62 /* Resources */ = {
			isa = PBXResourcesBuildPhase;
			buildActionMask = 2147483647;
			files = (
				0D8A174E1E173DEE00DA8C62 /* LaunchScreen.storyboard in Resources */,
				0D8A174B1E173DEE00DA8C62 /* Assets.xcassets in Resources */,
				0D8A17491E173DEE00DA8C62 /* Main.storyboard in Resources */,
			);
			runOnlyForDeploymentPostprocessing = 0;
		};
		0D8A17521E173DEE00DA8C62 /* Resources */ = {
			isa = PBXResourcesBuildPhase;
			buildActionMask = 2147483647;
			files = (
			);
			runOnlyForDeploymentPostprocessing = 0;
		};
		0D8A175D1E173DEE00DA8C62 /* Resources */ = {
			isa = PBXResourcesBuildPhase;
			buildActionMask = 2147483647;
			files = (
			);
			runOnlyForDeploymentPostprocessing = 0;
		};
/* End PBXResourcesBuildPhase section */

/* Begin PBXSourcesBuildPhase section */
		0D8A173C1E173DEE00DA8C62 /* Sources */ = {
			isa = PBXSourcesBuildPhase;
			buildActionMask = 2147483647;
			files = (
				0D8A17461E173DEE00DA8C62 /* ViewController.swift in Sources */,
				0D8A17441E173DEE00DA8C62 /* AppDelegate.swift in Sources */,
			);
			runOnlyForDeploymentPostprocessing = 0;
		};
		0D8A17501E173DEE00DA8C62 /* Sources */ = {
			isa = PBXSourcesBuildPhase;
			buildActionMask = 2147483647;
			files = (
				0D8A17591E173DEE00DA8C62 /* LocationAwareTests.swift in Sources */,
			);
			runOnlyForDeploymentPostprocessing = 0;
		};
		0D8A175B1E173DEE00DA8C62 /* Sources */ = {
			isa = PBXSourcesBuildPhase;
			buildActionMask = 2147483647;
			files = (
				0D8A17641E173DEE00DA8C62 /* LocationAwareUITests.swift in Sources */,
			);
			runOnlyForDeploymentPostprocessing = 0;
		};
/* End PBXSourcesBuildPhase section */

/* Begin PBXTargetDependency section */
		0D8A17561E173DEE00DA8C62 /* PBXTargetDependency */ = {
			isa = PBXTargetDependency;
			target = 0D8A173F1E173DEE00DA8C62 /* LocationAware */;
			targetProxy = 0D8A17551E173DEE00DA8C62 /* PBXContainerItemProxy */;
		};
		0D8A17611E173DEE00DA8C62 /* PBXTargetDependency */ = {
			isa = PBXTargetDependency;
			target = 0D8A173F1E173DEE00DA8C62 /* LocationAware */;
			targetProxy = 0D8A17601E173DEE00DA8C62 /* PBXContainerItemProxy */;
		};
/* End PBXTargetDependency section */

/* Begin PBXVariantGroup section */
		0D8A17471E173DEE00DA8C62 /* Main.storyboard */ = {
			isa = PBXVariantGroup;
			children = (
				0D8A17481E173DEE00DA8C62 /* Base */,
			);
			name = Main.storyboard;
			sourceTree = "<group>";
		};
		0D8A174C1E173DEE00DA8C62 /* LaunchScreen.storyboard */ = {
			isa = PBXVariantGroup;
			children = (
				0D8A174D1E173DEE00DA8C62 /* Base */,
			);
			name = LaunchScreen.storyboard;
			sourceTree = "<group>";
		};
/* End PBXVariantGroup section */

/* Begin XCBuildConfiguration section */
		0D8A17661E173DEE00DA8C62 /* Debug */ = {
			isa = XCBuildConfiguration;
			buildSettings = {
				ALWAYS_SEARCH_USER_PATHS = NO;
				CLANG_ANALYZER_NONNULL = YES;
				CLANG_CXX_LANGUAGE_STANDARD = "gnu++0x";
				CLANG_CXX_LIBRARY = "libc++";
				CLANG_ENABLE_MODULES = YES;
				CLANG_ENABLE_OBJC_ARC = YES;
				CLANG_WARN_BOOL_CONVERSION = YES;
				CLANG_WARN_CONSTANT_CONVERSION = YES;
				CLANG_WARN_DIRECT_OBJC_ISA_USAGE = YES_ERROR;
				CLANG_WARN_DOCUMENTATION_COMMENTS = YES;
				CLANG_WARN_EMPTY_BODY = YES;
				CLANG_WARN_ENUM_CONVERSION = YES;
				CLANG_WARN_INFINITE_RECURSION = YES;
				CLANG_WARN_INT_CONVERSION = YES;
				CLANG_WARN_OBJC_ROOT_CLASS = YES_ERROR;
				CLANG_WARN_SUSPICIOUS_MOVES = YES;
				CLANG_WARN_UNREACHABLE_CODE = YES;
				CLANG_WARN__DUPLICATE_METHOD_MATCH = YES;
				"CODE_SIGN_IDENTITY[sdk=iphoneos*]" = "iPhone Developer";
				COPY_PHASE_STRIP = NO;
				DEBUG_INFORMATION_FORMAT = dwarf;
				ENABLE_STRICT_OBJC_MSGSEND = YES;
				ENABLE_TESTABILITY = YES;
				GCC_C_LANGUAGE_STANDARD = gnu99;
				GCC_DYNAMIC_NO_PIC = NO;
				GCC_NO_COMMON_BLOCKS = YES;
				GCC_OPTIMIZATION_LEVEL = 0;
				GCC_PREPROCESSOR_DEFINITIONS = (
					"DEBUG=1",
					"$(inherited)",
				);
				GCC_WARN_64_TO_32_BIT_CONVERSION = YES;
				GCC_WARN_ABOUT_RETURN_TYPE = YES_ERROR;
				GCC_WARN_UNDECLARED_SELECTOR = YES;
				GCC_WARN_UNINITIALIZED_AUTOS = YES_AGGRESSIVE;
				GCC_WARN_UNUSED_FUNCTION = YES;
				GCC_WARN_UNUSED_VARIABLE = YES;
				IPHONEOS_DEPLOYMENT_TARGET = 10.1;
				MTL_ENABLE_DEBUG_INFO = YES;
				ONLY_ACTIVE_ARCH = YES;
				SDKROOT = iphoneos;
				SWIFT_ACTIVE_COMPILATION_CONDITIONS = DEBUG;
				SWIFT_OPTIMIZATION_LEVEL = "-Onone";
				TARGETED_DEVICE_FAMILY = "1,2";
			};
			name = Debug;
		};
		0D8A17671E173DEE00DA8C62 /* Release */ = {
			isa = XCBuildConfiguration;
			buildSettings = {
				ALWAYS_SEARCH_USER_PATHS = NO;
				CLANG_ANALYZER_NONNULL = YES;
				CLANG_CXX_LANGUAGE_STANDARD = "gnu++0x";
				CLANG_CXX_LIBRARY = "libc++";
				CLANG_ENABLE_MODULES = YES;
				CLANG_ENABLE_OBJC_ARC = YES;
				CLANG_WARN_BOOL_CONVERSION = YES;
				CLANG_WARN_CONSTANT_CONVERSION = YES;
				CLANG_WARN_DIRECT_OBJC_ISA_USAGE = YES_ERROR;
				CLANG_WARN_DOCUMENTATION_COMMENTS = YES;
				CLANG_WARN_EMPTY_BODY = YES;
				CLANG_WARN_ENUM_CONVERSION = YES;
				CLANG_WARN_INFINITE_RECURSION = YES;
				CLANG_WARN_INT_CONVERSION = YES;
				CLANG_WARN_OBJC_ROOT_CLASS = YES_ERROR;
				CLANG_WARN_SUSPICIOUS_MOVES = YES;
				CLANG_WARN_UNREACHABLE_CODE = YES;
				CLANG_WARN__DUPLICATE_METHOD_MATCH = YES;
				"CODE_SIGN_IDENTITY[sdk=iphoneos*]" = "iPhone Developer";
				COPY_PHASE_STRIP = NO;
				DEBUG_INFORMATION_FORMAT = "dwarf-with-dsym";
				ENABLE_NS_ASSERTIONS = NO;
				ENABLE_STRICT_OBJC_MSGSEND = YES;
				GCC_C_LANGUAGE_STANDARD = gnu99;
				GCC_NO_COMMON_BLOCKS = YES;
				GCC_WARN_64_TO_32_BIT_CONVERSION = YES;
				GCC_WARN_ABOUT_RETURN_TYPE = YES_ERROR;
				GCC_WARN_UNDECLARED_SELECTOR = YES;
				GCC_WARN_UNINITIALIZED_AUTOS = YES_AGGRESSIVE;
				GCC_WARN_UNUSED_FUNCTION = YES;
				GCC_WARN_UNUSED_VARIABLE = YES;
				IPHONEOS_DEPLOYMENT_TARGET = 10.1;
				MTL_ENABLE_DEBUG_INFO = NO;
				SDKROOT = iphoneos;
				SWIFT_OPTIMIZATION_LEVEL = "-Owholemodule";
				TARGETED_DEVICE_FAMILY = "1,2";
				VALIDATE_PRODUCT = YES;
			};
			name = Release;
		};
		0D8A17691E173DEE00DA8C62 /* Debug */ = {
			isa = XCBuildConfiguration;
			buildSettings = {
				ASSETCATALOG_COMPILER_APPICON_NAME = AppIcon;
				DEVELOPMENT_TEAM = PV2377M74G;
				INFOPLIST_FILE = LocationAware/Info.plist;
				LD_RUNPATH_SEARCH_PATHS = "$(inherited) @executable_path/Frameworks";
				PRODUCT_BUNDLE_IDENTIFIER = net.veereev.LocationAware;
				PRODUCT_NAME = "$(TARGET_NAME)";
				SWIFT_VERSION = 3.0;
			};
			name = Debug;
		};
		0D8A176A1E173DEE00DA8C62 /* Release */ = {
			isa = XCBuildConfiguration;
			buildSettings = {
				ASSETCATALOG_COMPILER_APPICON_NAME = AppIcon;
				DEVELOPMENT_TEAM = PV2377M74G;
				INFOPLIST_FILE = LocationAware/Info.plist;
				LD_RUNPATH_SEARCH_PATHS = "$(inherited) @executable_path/Frameworks";
				PRODUCT_BUNDLE_IDENTIFIER = net.veereev.LocationAware;
				PRODUCT_NAME = "$(TARGET_NAME)";
				SWIFT_VERSION = 3.0;
			};
			name = Release;
		};
		0D8A176C1E173DEE00DA8C62 /* Debug */ = {
			isa = XCBuildConfiguration;
			buildSettings = {
				ALWAYS_EMBED_SWIFT_STANDARD_LIBRARIES = YES;
				BUNDLE_LOADER = "$(TEST_HOST)";
				INFOPLIST_FILE = LocationAwareTests/Info.plist;
				LD_RUNPATH_SEARCH_PATHS = "$(inherited) @executable_path/Frameworks @loader_path/Frameworks";
				PRODUCT_BUNDLE_IDENTIFIER = net.veereev.LocationAwareTests;
				PRODUCT_NAME = "$(TARGET_NAME)";
				SWIFT_VERSION = 3.0;
				TEST_HOST = "$(BUILT_PRODUCTS_DIR)/LocationAware.app/LocationAware";
			};
			name = Debug;
		};
		0D8A176D1E173DEE00DA8C62 /* Release */ = {
			isa = XCBuildConfiguration;
			buildSettings = {
				ALWAYS_EMBED_SWIFT_STANDARD_LIBRARIES = YES;
				BUNDLE_LOADER = "$(TEST_HOST)";
				INFOPLIST_FILE = LocationAwareTests/Info.plist;
				LD_RUNPATH_SEARCH_PATHS = "$(inherited) @executable_path/Frameworks @loader_path/Frameworks";
				PRODUCT_BUNDLE_IDENTIFIER = net.veereev.LocationAwareTests;
				PRODUCT_NAME = "$(TARGET_NAME)";
				SWIFT_VERSION = 3.0;
				TEST_HOST = "$(BUILT_PRODUCTS_DIR)/LocationAware.app/LocationAware";
			};
			name = Release;
		};
		0D8A176F1E173DEE00DA8C62 /* Debug */ = {
			isa = XCBuildConfiguration;
			buildSettings = {
				ALWAYS_EMBED_SWIFT_STANDARD_LIBRARIES = YES;
				INFOPLIST_FILE = LocationAwareUITests/Info.plist;
				LD_RUNPATH_SEARCH_PATHS = "$(inherited) @executable_path/Frameworks @loader_path/Frameworks";
				PRODUCT_BUNDLE_IDENTIFIER = net.veereev.LocationAwareUITests;
				PRODUCT_NAME = "$(TARGET_NAME)";
				SWIFT_VERSION = 3.0;
				TEST_TARGET_NAME = LocationAware;
			};
			name = Debug;
		};
		0D8A17701E173DEE00DA8C62 /* Release */ = {
			isa = XCBuildConfiguration;
			buildSettings = {
				ALWAYS_EMBED_SWIFT_STANDARD_LIBRARIES = YES;
				INFOPLIST_FILE = LocationAwareUITests/Info.plist;
				LD_RUNPATH_SEARCH_PATHS = "$(inherited) @executable_path/Frameworks @loader_path/Frameworks";
				PRODUCT_BUNDLE_IDENTIFIER = net.veereev.LocationAwareUITests;
				PRODUCT_NAME = "$(TARGET_NAME)";
				SWIFT_VERSION = 3.0;
				TEST_TARGET_NAME = LocationAware;
			};
			name = Release;
		};
/* End XCBuildConfiguration section */

/* Begin XCConfigurationList section */
		0D8A173B1E173DEE00DA8C62 /* Build configuration list for PBXProject "LocationAware" */ = {
			isa = XCConfigurationList;
			buildConfigurations = (
				0D8A17661E173DEE00DA8C62 /* Debug */,
				0D8A17671E173DEE00DA8C62 /* Release */,
			);
			defaultConfigurationIsVisible = 0;
			defaultConfigurationName = Release;
		};
		0D8A17681E173DEE00DA8C62 /* Build configuration list for PBXNativeTarget "LocationAware" */ = {
			isa = XCConfigurationList;
			buildConfigurations = (
				0D8A17691E173DEE00DA8C62 /* Debug */,
				0D8A176A1E173DEE00DA8C62 /* Release */,
			);
			defaultConfigurationIsVisible = 0;
		};
		0D8A176B1E173DEE00DA8C62 /* Build configuration list for PBXNativeTarget "LocationAwareTests" */ = {
			isa = XCConfigurationList;
			buildConfigurations = (
				0D8A176C1E173DEE00DA8C62 /* Debug */,
				0D8A176D1E173DEE00DA8C62 /* Release */,
			);
			defaultConfigurationIsVisible = 0;
		};
		0D8A176E1E173DEE00DA8C62 /* Build configuration list for PBXNativeTarget "LocationAwareUITests" */ = {
			isa = XCConfigurationList;
			buildConfigurations = (
				0D8A176F1E173DEE00DA8C62 /* Debug */,
				0D8A17701E173DEE00DA8C62 /* Release */,
			);
			defaultConfigurationIsVisible = 0;
		};
/* End XCConfigurationList section */
	};
	rootObject = 0D8A17381E173DEE00DA8C62 /* Project object */;
}
